# THIS IS AN AUTOGENERATED FILE. DO NOT EDIT THIS FILE DIRECTLY.
# yarn lockfile v1


"@babel/parser@^7.8.3":
  version "7.8.3"
  resolved "https://registry.npm.taobao.org/@babel/parser/download/@babel/parser-7.8.3.tgz#790874091d2001c9be6ec426c2eed47bc7679081"
  integrity sha1-eQh0CR0gAcm+bsQmwu7Ue8dnkIE=
